
Microsoft Visual Studio Solution File, Format Version 12.00
# Visual Studio Version 17
VisualStudioVersion = 17.0.31903.59
MinimumVisualStudioVersion = 10.0.40219.1
Project("{FAE04EC0-301F-11D3-BF4B-00C04F79EFBC}") = "RonVoice.Core", "RonVoice.Core\RonVoice.Core.csproj", "{541DD9E8-B31B-48C5-A76A-59D2B13A5EB0}"
EndProject
Project("{FAE04EC0-301F-11D3-BF4B-00C04F79EFBC}") = "RonVoice.Cli", "RonVoice.Cli\RonVoice.Cli.csproj", "{4958DCD0-EBDD-4A49-A758-4FD531F899E8}"
EndProject
Project("{FAE04EC0-301F-11D3-BF4B-00C04F79EFBC}") = "RonVoice.Tests", "RonVoice.Tests\RonVoice.Tests.csproj", "{8F5F2BF4-5CD4-40A2-A70C-8ED75B41E4FE}"
EndProject
Project("{FAE04EC0-301F-11D3-BF4B-00C04F79EFBC}") = "RonVoice.Tray", "RonVoice.Tray\RonVoice.Tray.csproj", "{42E517B9-7068-4772-9280-270DDA9CB8BE}"
EndProject
Global
	GlobalSection(SolutionConfigurationPlatforms) = preSolution
		Debug|Any CPU = Debug|Any CPU
		Debug|x64 = Debug|x64
		Debug|x86 = Debug|x86
		Release|Any CPU = Release|Any CPU
		Release|x64 = Release|x64
		Release|x86 = Release|x86
	EndGlobalSection
	GlobalSection(ProjectConfigurationPlatforms) = postSolution
		{541DD9E8-B31B-48C5-A76A-59D2B13A5EB0}.Debug|Any CPU.ActiveCfg = Debug|Any CPU
		{541DD9E8-B31B-48C5-A76A-59D2B13A5EB0}.Debug|Any CPU.Build.0 = Debug|Any CPU
		{541DD9E8-B31B-48C5-A76A-59D2B13A5EB0}.Debug|x64.ActiveCfg = Debug|Any CPU
		{541DD9E8-B31B-48C5-A76A-59D2B13A5EB0}.Debug|x64.Build.0 = Debug|Any CPU
		{541DD9E8-B31B-48C5-A76A-59D2B13A5EB0}.Debug|x86.ActiveCfg = Debug|Any CPU
		{541DD9E8-B31B-48C5-A76A-59D2B13A5EB0}.Debug|x86.Build.0 = Debug|Any CPU
		{541DD9E8-B31B-48C5-A76A-59D2B13A5EB0}.Release|Any CPU.ActiveCfg = Release|Any CPU
		{541DD9E8-B31B-48C5-A76A-59D2B13A5EB0}.Release|Any CPU.Build.0 = Release|Any CPU
		{541DD9E8-B31B-48C5-A76A-59D2B13A5EB0}.Release|x64.ActiveCfg = Release|Any CPU
		{541DD9E8-B31B-48C5-A76A-59D2B13A5EB0}.Release|x64.Build.0 = Release|Any CPU
		{541DD9E8-B31B-48C5-A76A-59D2B13A5EB0}.Release|x86.ActiveCfg = Release|Any CPU
		{541DD9E8-B31B-48C5-A76A-59D2B13A5EB0}.Release|x86.Build.0 = Release|Any CPU
		{4958DCD0-EBDD-4A49-A758-4FD531F899E8}.Debug|Any CPU.ActiveCfg = Debug|Any CPU
		{4958DCD0-EBDD-4A49-A758-4FD531F899E8}.Debug|Any CPU.Build.0 = Debug|Any CPU
		{4958DCD0-EBDD-4A49-A758-4FD531F899E8}.Debug|x64.ActiveCfg = Debug|Any CPU
		{4958DCD0-EBDD-4A49-A758-4FD531F899E8}.Debug|x64.Build.0 = Debug|Any CPU
		{4958DCD0-EBDD-4A49-A758-4FD531F899E8}.Debug|x86.ActiveCfg = Debug|Any CPU
		{4958DCD0-EBDD-4A49-A758-4FD531F899E8}.Debug|x86.Build.0 = Debug|Any CPU
		{4958DCD0-EBDD-4A49-A758-4FD531F899E8}.Release|Any CPU.ActiveCfg = Release|Any CPU
		{4958DCD0-EBDD-4A49-A758-4FD531F899E8}.Release|Any CPU.Build.0 = Release|Any CPU
		{4958DCD0-EBDD-4A49-A758-4FD531F899E8}.Release|x64.ActiveCfg = Release|Any CPU
		{4958DCD0-EBDD-4A49-A758-4FD531F899E8}.Release|x64.Build.0 = Release|Any CPU
		{4958DCD0-EBDD-4A49-A758-4FD531F899E8}.Release|x86.ActiveCfg = Release|Any CPU
		{4958DCD0-EBDD-4A49-A758-4FD531F899E8}.Release|x86.Build.0 = Release|Any CPU
		{8F5F2BF4-5CD4-40A2-A70C-8ED75B41E4FE}.Debug|Any CPU.ActiveCfg = Debug|Any CPU
		{8F5F2BF4-5CD4-40A2-A70C-8ED75B41E4FE}.Debug|Any CPU.Build.0 = Debug|Any CPU
		{8F5F2BF4-5CD4-40A2-A70C-8ED75B41E4FE}.Debug|x64.ActiveCfg = Debug|Any CPU
		{8F5F2BF4-5CD4-40A2-A70C-8ED75B41E4FE}.Debug|x64.Build.0 = Debug|Any CPU
		{8F5F2BF4-5CD4-40A2-A70C-8ED75B41E4FE}.Debug|x86.ActiveCfg = Debug|Any CPU
		{8F5F2BF4-5CD4-40A2-A70C-8ED75B41E4FE}.Debug|x86.Build.0 = Debug|Any CPU
		{8F5F2BF4-5CD4-40A2-A70C-8ED75B41E4FE}.Release|Any CPU.ActiveCfg = Release|Any CPU
		{8F5F2BF4-5CD4-40A2-A70C-8ED75B41E4FE}.Release|Any CPU.Build.0 = Release|Any CPU
		{8F5F2BF4-5CD4-40A2-A70C-8ED75B41E4FE}.Release|x64.ActiveCfg = Release|Any CPU
		{8F5F2BF4-5CD4-40A2-A70C-8ED75B41E4FE}.Release|x64.Build.0 = Release|Any CPU
		{8F5F2BF4-5CD4-40A2-A70C-8ED75B41E4FE}.Release|x86.ActiveCfg = Release|Any CPU
		{8F5F2BF4-5CD4-40A2-A70C-8ED75B41E4FE}.Release|x86.Build.0 = Release|Any CPU
		{42E517B9-7068-4772-9280-270DDA9CB8BE}.Debug|Any CPU.ActiveCfg = Debug|Any CPU
		{42E517B9-7068-4772-9280-270DDA9CB8BE}.Debug|Any CPU.Build.0 = Debug|Any CPU
		{42E517B9-7068-4772-9280-270DDA9CB8BE}.Debug|x64.ActiveCfg = Debug|Any CPU
		{42E517B9-7068-4772-9280-270DDA9CB8BE}.Debug|x64.Build.0 = Debug|Any CPU
		{42E517B9-7068-4772-9280-270DDA9CB8BE}.Debug|x86.ActiveCfg = Debug|Any CPU
		{42E517B9-7068-4772-9280-270DDA9CB8BE}.Debug|x86.Build.0 = Debug|Any CPU
		{42E517B9-7068-4772-9280-270DDA9CB8BE}.Release|Any CPU.ActiveCfg = Release|Any CPU
		{42E517B9-7068-4772-9280-270DDA9CB8BE}.Release|Any CPU.Build.0 = Release|Any CPU
		{42E517B9-7068-4772-9280-270DDA9CB8BE}.Release|x64.ActiveCfg = Release|Any CPU
		{42E517B9-7068-4772-9280-270DDA9CB8BE}.Release|x64.Build.0 = Release|Any CPU
		{42E517B9-7068-4772-9280-270DDA9CB8BE}.Release|x86.ActiveCfg = Release|Any CPU
		{42E517B9-7068-4772-9280-270DDA9CB8BE}.Release|x86.Build.0 = Release|Any CPU
	EndGlobalSection
	GlobalSection(SolutionProperties) = preSolution
		HideSolutionNode = FALSE
	EndGlobalSection
EndGlobal
